
Microsoft Visual Studio Solution File, Format Version 12.00
# Visual Studio 15
Project("{FAE04EC0-301F-11D3-BF4B-00C04F79EFBC}") = "Assembly-CSharp", "Assembly-CSharp.csproj", "{CCAC515A-9B37-6CF3-41EC-B0C4C57D86E8}"
EndProject
Global
	GlobalSection(SolutionConfigurationPlatforms) = preSolution
		Debug|Any CPU = Debug|Any CPU
		Release|Any CPU = Release|Any CPU
	EndGlobalSection
	GlobalSection(ProjectConfigurationPlatforms) = postSolution
		{CCAC515A-9B37-6CF3-41EC-B0C4C57D86E8}.Debug|Any CPU.ActiveCfg = Debug|Any CPU
		{CCAC515A-9B37-6CF3-41EC-B0C4C57D86E8}.Debug|Any CPU.Build.0 = Debug|Any CPU
		{CCAC515A-9B37-6CF3-41EC-B0C4C57D86E8}.Release|Any CPU.ActiveCfg = Release|Any CPU
		{CCAC515A-9B37-6CF3-41EC-B0C4C57D86E8}.Release|Any CPU.Build.0 = Release|Any CPU
	EndGlobalSection
	GlobalSection(SolutionProperties) = preSolution
		HideSolutionNode = FALSE
	EndGlobalSection
EndGlobal
